
Microsoft Visual Studio Solution File, Format Version 12.00
# Visual Studio Version 16
VisualStudioVersion = 16.0.31624.102
MinimumVisualStudioVersion = 10.0.40219.1
Project("{FAE04EC0-301F-11D3-BF4B-00C04F79EFBC}") = "Informaçoes_Do_Usuario", "Informaçoes_Do_Usuario\Informaçoes_Do_Usuario.csproj", "{26B8E5ED-9FD3-4003-BB3F-DBEC57D512C2}"
EndProject
Global
	GlobalSection(SolutionConfigurationPlatforms) = preSolution
		Debug|Any CPU = Debug|Any CPU
		Release|Any CPU = Release|Any CPU
	EndGlobalSection
	GlobalSection(ProjectConfigurationPlatforms) = postSolution
		{26B8E5ED-9FD3-4003-BB3F-DBEC57D512C2}.Debug|Any CPU.ActiveCfg = Debug|Any CPU
		{26B8E5ED-9FD3-4003-BB3F-DBEC57D512C2}.Debug|Any CPU.Build.0 = Debug|Any CPU
		{26B8E5ED-9FD3-4003-BB3F-DBEC57D512C2}.Release|Any CPU.ActiveCfg = Release|Any CPU
		{26B8E5ED-9FD3-4003-BB3F-DBEC57D512C2}.Release|Any CPU.Build.0 = Release|Any CPU
	EndGlobalSection
	GlobalSection(SolutionProperties) = preSolution
		HideSolutionNode = FALSE
	EndGlobalSection
	GlobalSection(ExtensibilityGlobals) = postSolution
		SolutionGuid = {D6690183-0B59-46A1-9B26-FE4F4C0D4668}
	EndGlobalSection
EndGlobal
