
Microsoft Visual Studio Solution File, Format Version 12.00
# Visual Studio Version 16
VisualStudioVersion = 16.0.31624.102
MinimumVisualStudioVersion = 10.0.40219.1
Project("{FAE04EC0-301F-11D3-BF4B-00C04F79EFBC}") = "Exercicio 01", "Exercicio 01\Exercicio 01.csproj", "{62B177CA-439F-491F-A7B4-5ECB1EDDF50A}"
EndProject
Global
	GlobalSection(SolutionConfigurationPlatforms) = preSolution
		Debug|Any CPU = Debug|Any CPU
		Release|Any CPU = Release|Any CPU
	EndGlobalSection
	GlobalSection(ProjectConfigurationPlatforms) = postSolution
		{62B177CA-439F-491F-A7B4-5ECB1EDDF50A}.Debug|Any CPU.ActiveCfg = Debug|Any CPU
		{62B177CA-439F-491F-A7B4-5ECB1EDDF50A}.Debug|Any CPU.Build.0 = Debug|Any CPU
		{62B177CA-439F-491F-A7B4-5ECB1EDDF50A}.Release|Any CPU.ActiveCfg = Release|Any CPU
		{62B177CA-439F-491F-A7B4-5ECB1EDDF50A}.Release|Any CPU.Build.0 = Release|Any CPU
	EndGlobalSection
	GlobalSection(SolutionProperties) = preSolution
		HideSolutionNode = FALSE
	EndGlobalSection
	GlobalSection(ExtensibilityGlobals) = postSolution
		SolutionGuid = {64635162-3AE9-43AA-B417-826B534C36A6}
	EndGlobalSection
EndGlobal
